
Microsoft Visual Studio Solution File, Format Version 12.00
# Visual Studio Version 17
VisualStudioVersion = 17.11.35219.272
MinimumVisualStudioVersion = 10.0.40219.1
Project("{FAE04EC0-301F-11D3-BF4B-00C04F79EFBC}") = "Server", "Server\Server.csproj", "{2488F8E0-F5A5-489A-AD0D-674A8EE08DE0}"
EndProject
Global
	GlobalSection(SolutionConfigurationPlatforms) = preSolution
		Debug|Any CPU = Debug|Any CPU
		Release|Any CPU = Release|Any CPU
	EndGlobalSection
	GlobalSection(ProjectConfigurationPlatforms) = postSolution
		{2488F8E0-F5A5-489A-AD0D-674A8EE08DE0}.Debug|Any CPU.ActiveCfg = Debug|Any CPU
		{2488F8E0-F5A5-489A-AD0D-674A8EE08DE0}.Debug|Any CPU.Build.0 = Debug|Any CPU
		{2488F8E0-F5A5-489A-AD0D-674A8EE08DE0}.Release|Any CPU.ActiveCfg = Release|Any CPU
		{2488F8E0-F5A5-489A-AD0D-674A8EE08DE0}.Release|Any CPU.Build.0 = Release|Any CPU
	EndGlobalSection
	GlobalSection(SolutionProperties) = preSolution
		HideSolutionNode = FALSE
	EndGlobalSection
	GlobalSection(ExtensibilityGlobals) = postSolution
		SolutionGuid = {9EFB8D41-96D2-405F-8B31-BD45A24CDD09}
	EndGlobalSection
EndGlobal
